
Microsoft Visual Studio Solution File, Format Version 12.00
# Visual Studio Version 16
VisualStudioVersion = 16.0.32228.343
MinimumVisualStudioVersion = 10.0.40219.1
Project("{FAE04EC0-301F-11D3-BF4B-00C04F79EFBC}") = "Lada2", "Lada2\Lada2.csproj", "{5634295E-E944-45EC-B5C5-F358AE152BA3}"
EndProject
Global
	GlobalSection(SolutionConfigurationPlatforms) = preSolution
		Debug|Any CPU = Debug|Any CPU
		Release|Any CPU = Release|Any CPU
	EndGlobalSection
	GlobalSection(ProjectConfigurationPlatforms) = postSolution
		{5634295E-E944-45EC-B5C5-F358AE152BA3}.Debug|Any CPU.ActiveCfg = Debug|Any CPU
		{5634295E-E944-45EC-B5C5-F358AE152BA3}.Debug|Any CPU.Build.0 = Debug|Any CPU
		{5634295E-E944-45EC-B5C5-F358AE152BA3}.Release|Any CPU.ActiveCfg = Release|Any CPU
		{5634295E-E944-45EC-B5C5-F358AE152BA3}.Release|Any CPU.Build.0 = Release|Any CPU
	EndGlobalSection
	GlobalSection(SolutionProperties) = preSolution
		HideSolutionNode = FALSE
	EndGlobalSection
	GlobalSection(ExtensibilityGlobals) = postSolution
		SolutionGuid = {4D181CCF-D092-4A50-BDCF-B49B2274E346}
	EndGlobalSection
EndGlobal
1
